<?xml version="1.0" encoding="utf-8"?>
<Project ToolsVersion="4.0" xmlns="http://schemas.microsoft.com/developer/msbuild/2003">
  <ItemGroup>
    <Filter Include="Source Files">
      <UniqueIdentifier>{4FC737F1-C7A5-4376-A066-2A32D752A2FF}</UniqueIdentifier>
      <Extensions>cpp;c;cc;cxx;c++;cppm;ixx;def;odl;idl;hpj;bat;asm;asmx</Extensions>
    </Filter>
    <Filter Include="Header Files">
      <UniqueIdentifier>{93995380-89BD-4b04-88EB-625FBE52EBFB}</UniqueIdentifier>
      <Extensions>h;hh;hpp;hxx;h++;hm;inl;inc;ipp;xsd</Extensions>
    </Filter>
    <Filter Include="Source Files\core">
      <UniqueIdentifier>{ee9e6a1d-8bfa-44c8-83c2-95a902dd2ad3}</UniqueIdentifier>
    </Filter>
    <Filter Include="Source Files\resources">
      <UniqueIdentifier>{4a3e7bc6-d9bb-48e8-b0c6-7741064a6f4d}</UniqueIdentifier>
    </Filter>
    <Filter Include="Header Files\core">
      <UniqueIdentifier>{d262978f-fbd2-4fec-8bdd-3bb4f6f3f2e0}</UniqueIdentifier>
    </Filter>
    <Filter Include="Header Files\resources">
      <UniqueIdentifier>{91561eb5-8253-47fb-804d-0085a5d41716}</UniqueIdentifier>
    </Filter>
    <Filter Include="Header Files\resources\tpl">
      <UniqueIdentifier>{d77b41b5-6cd0-423e-8257-dfa47052eec1}</UniqueIdentifier>
    </Filter>
    <Filter Include="Assets">
      <UniqueIdentifier>{67DA6AB6-F800-4c08-8B7A-83BB121AAD01}</UniqueIdentifier>
      <Extensions>rc;ico;cur;bmp;dlg;rc2;rct;bin;rgs;gif;jpg;jpeg;jpe;resx;tiff;tif;png;wav;mfcribbon-ms</Extensions>
    </Filter>
    <Filter Include="Source Files\tilemap">
      <UniqueIdentifier>{442ec959-c897-4b10-abba-e11fadb67220}</UniqueIdentifier>
    </Filter>
    <Filter Include="Header Files\tilemap">
      <UniqueIdentifier>{a6a456ed-20b7-4262-8348-458f2f0a7b91}</UniqueIdentifier>
    </Filter>
    <Filter Include="Header Files\objects">
      <UniqueIdentifier>{35b0d4c8-ca21-4af6-9d7d-40d90e10ad5a}</UniqueIdentifier>
    </Filter>
    <Filter Include="Source Files\objects">
      <UniqueIdentifier>{441e3e12-8b57-4fd0-bfb4-a3b6c6caa9c6}</UniqueIdentifier>
    </Filter>
    <Filter Include="Assets\Textures">
      <UniqueIdentifier>{2f3e31c4-0e06-4cc4-808f-b17f1d204d94}</UniqueIdentifier>
    </Filter>
    <Filter Include="Assets\Textures\Tilesets">
      <UniqueIdentifier>{4f3cbe63-a788-423a-a851-d509219deebe}</UniqueIdentifier>
    </Filter>
    <Filter Include="Assets\Textures\Knight">
      <UniqueIdentifier>{e163440b-a924-4e95-abb0-ea09fcf0650e}</UniqueIdentifier>
    </Filter>
    <Filter Include="Assets\Textures\Knight\Shadow">
      <UniqueIdentifier>{ac7e5036-b143-459c-af1e-50358e81f9ab}</UniqueIdentifier>
    </Filter>
    <Filter Include="Assets\Textures\Backgrounds">
      <UniqueIdentifier>{b58ee99b-2cd6-4f8a-90f4-9c1f5ecc8ada}</UniqueIdentifier>
    </Filter>
    <Filter Include="Assets\Textures\Backgrounds\Animated_Stars">
      <UniqueIdentifier>{519e8c5d-0a8c-4236-89fe-1a1ae44c3af4}</UniqueIdentifier>
    </Filter>
    <Filter Include="Header Files\misc">
      <UniqueIdentifier>{f7ffeb29-1ce8-4231-b682-92f656bc08b7}</UniqueIdentifier>
    </Filter>
  </ItemGroup>
  <ItemGroup>
    <ClCompile Include="Main.cpp">
      <Filter>Source Files</Filter>
    </ClCompile>
    <ClCompile Include="Engine_Source\core\Game.cpp">
      <Filter>Source Files\core</Filter>
    </ClCompile>
    <ClCompile Include="Engine_Source\resources\Assets.cpp">
      <Filter>Source Files\resources</Filter>
    </ClCompile>
    <ClCompile Include="Engine_Source\tilemap\Tile.cpp">
      <Filter>Source Files\tilemap</Filter>
    </ClCompile>
    <ClCompile Include="Engine_Source\tilemap\Tilemap.cpp">
      <Filter>Source Files\tilemap</Filter>
    </ClCompile>
    <ClCompile Include="Engine_Source\tilemap\Tileset.cpp">
      <Filter>Source Files\tilemap</Filter>
    </ClCompile>
    <ClCompile Include="Engine_Source\objects\StaticObject.cpp">
      <Filter>Source Files\objects</Filter>
    </ClCompile>
    <ClCompile Include="Engine_Source\objects\Obj.cpp">
      <Filter>Source Files\objects</Filter>
    </ClCompile>
    <ClCompile Include="Engine_Source\objects\Obj_Base.cpp">
      <Filter>Source Files\objects</Filter>
    </ClCompile>
    <ClCompile Include="Engine_Source\objects\VisObj.cpp">
      <Filter>Source Files\objects</Filter>
    </ClCompile>
    <ClCompile Include="Engine_Source\misc\util.cpp">
      <Filter>Header Files\misc</Filter>
    </ClCompile>
    <ClCompile Include="Engine_Source\misc\globals.cpp">
      <Filter>Header Files\misc</Filter>
    </ClCompile>
  </ItemGroup>
  <ItemGroup>
    <ClInclude Include="Engine_Source\resources\Assets.hpp">
      <Filter>Header Files\resources</Filter>
    </ClInclude>
    <ClInclude Include="Engine_Source\resources\ResourceManager.hpp">
      <Filter>Header Files\resources</Filter>
    </ClInclude>
    <ClInclude Include="Engine_Source\core\Game.hpp">
      <Filter>Header Files\core</Filter>
    </ClInclude>
    <ClInclude Include="Engine_Source\tilemap\Tile.hpp">
      <Filter>Header Files\tilemap</Filter>
    </ClInclude>
    <ClInclude Include="Engine_Source\tilemap\Tilemap.hpp">
      <Filter>Header Files\tilemap</Filter>
    </ClInclude>
    <ClInclude Include="Engine_Source\tilemap\Tileset.hpp">
      <Filter>Header Files\tilemap</Filter>
    </ClInclude>
    <ClInclude Include="Engine_Source\objects\StaticObject.hpp">
      <Filter>Header Files\objects</Filter>
    </ClInclude>
    <ClInclude Include="Engine_Source\objects\Obj.hpp">
      <Filter>Header Files\objects</Filter>
    </ClInclude>
    <ClInclude Include="Engine_Source\objects\Obj_Base.hpp">
      <Filter>Header Files\objects</Filter>
    </ClInclude>
    <ClInclude Include="Engine_Source\objects\VisObj.hpp">
      <Filter>Header Files\objects</Filter>
    </ClInclude>
    <ClInclude Include="Engine_Source\misc\util.hpp">
      <Filter>Header Files\misc</Filter>
    </ClInclude>
    <ClInclude Include="Engine_Source\misc\globals.hpp">
      <Filter>Header Files\misc</Filter>
    </ClInclude>
  </ItemGroup>
  <ItemGroup>
    <None Include="Engine_Source\resources\tpl\ResourceManager.tpl">
      <Filter>Header Files\resources\tpl</Filter>
    </None>
  </ItemGroup>
  <ItemGroup>
    <Image Include="Assets\Textures\Knight\Shadow\knight_shadow_attack_sheet_18.png">
      <Filter>Assets\Textures\Knight\Shadow</Filter>
    </Image>
    <Image Include="Assets\Textures\Knight\Shadow\knight_shadow_block_sheet_16.png">
      <Filter>Assets\Textures\Knight\Shadow</Filter>
    </Image>
    <Image Include="Assets\Textures\Knight\Shadow\knight_shadow_death_sheet_9.png">
      <Filter>Assets\Textures\Knight\Shadow</Filter>
    </Image>
    <Image Include="Assets\Textures\Knight\Shadow\knight_shadow_got_hit_sheet_13.png">
      <Filter>Assets\Textures\Knight\Shadow</Filter>
    </Image>
    <Image Include="Assets\Textures\Knight\Shadow\knight_shadow_idle_sheet_16.png">
      <Filter>Assets\Textures\Knight\Shadow</Filter>
    </Image>
    <Image Include="Assets\Textures\Knight\Shadow\knight_shadow_jump_sheet_16.png">
      <Filter>Assets\Textures\Knight\Shadow</Filter>
    </Image>
    <Image Include="Assets\Textures\Knight\Shadow\knight_shadow_run_sheet_17.png">
      <Filter>Assets\Textures\Knight\Shadow</Filter>
    </Image>
    <Image Include="Assets\Textures\Knight\Shadow\knight_shadow_walk_sheet_15.png">
      <Filter>Assets\Textures\Knight\Shadow</Filter>
    </Image>
    <Image Include="Assets\Textures\Knight\knight_attack_sheet_18.png">
      <Filter>Assets\Textures\Knight</Filter>
    </Image>
    <Image Include="Assets\Textures\Knight\knight_block_sheet_16.png">
      <Filter>Assets\Textures\Knight</Filter>
    </Image>
    <Image Include="Assets\Textures\Knight\knight_death_9.png">
      <Filter>Assets\Textures\Knight</Filter>
    </Image>
    <Image Include="Assets\Textures\Knight\knight_got_hit_13.png">
      <Filter>Assets\Textures\Knight</Filter>
    </Image>
    <Image Include="Assets\Textures\Knight\knight_idle_sheet_16.png">
      <Filter>Assets\Textures\Knight</Filter>
    </Image>
    <Image Include="Assets\Textures\Knight\knight_jump_16.png">
      <Filter>Assets\Textures\Knight</Filter>
    </Image>
    <Image Include="Assets\Textures\Knight\knight_run_sheet_17.png">
      <Filter>Assets\Textures\Knight</Filter>
    </Image>
    <Image Include="Assets\Textures\Knight\knight_walk_sheet_15.png">
      <Filter>Assets\Textures\Knight</Filter>
    </Image>
    <Image Include="Assets\Textures\Backgrounds\Animated_Stars\bg_stars_sheet_final.png">
      <Filter>Assets\Textures\Backgrounds\Animated_Stars</Filter>
    </Image>
    <Image Include="Assets\Textures\Tilesets\object_tiles_32_32.png">
      <Filter>Assets\Textures\Tilesets</Filter>
    </Image>
    <Image Include="Assets\Textures\Invariant.png">
      <Filter>Assets\Textures</Filter>
    </Image>
    <Image Include="Assets\Textures\Tilesets\EmptyTile.png">
      <Filter>Assets\Textures\Tilesets</Filter>
    </Image>
    <Image Include="Assets\Textures\Tilesets\tileset_iso_1.png">
      <Filter>Assets\Textures\Tilesets</Filter>
    </Image>
  </ItemGroup>
</Project>